
Microsoft Visual Studio Solution File, Format Version 12.00
# Visual Studio 2012
Project("{FAE04EC0-301F-11D3-BF4B-00C04F79EFBC}") = "test_app", "test_app\test_app.csproj", "{0A26896F-95E4-4913-8191-57A330EC3402}"
EndProject
Project("{FAE04EC0-301F-11D3-BF4B-00C04F79EFBC}") = "iGoSharp", "iGoSharp\iGoSharp.csproj", "{E6B42B52-BB36-471E-9404-282459A3BCAD}"
EndProject
Project("{FAE04EC0-301F-11D3-BF4B-00C04F79EFBC}") = "Interfaces", "Interfaces\Interfaces.csproj", "{98845105-C636-49B7-9337-97D8096F0317}"
EndProject
Global
	GlobalSection(SolutionConfigurationPlatforms) = preSolution
		Debug|Any CPU = Debug|Any CPU
		Release|Any CPU = Release|Any CPU
	EndGlobalSection
	GlobalSection(ProjectConfigurationPlatforms) = postSolution
		{0A26896F-95E4-4913-8191-57A330EC3402}.Debug|Any CPU.ActiveCfg = Debug|Any CPU
		{0A26896F-95E4-4913-8191-57A330EC3402}.Debug|Any CPU.Build.0 = Debug|Any CPU
		{0A26896F-95E4-4913-8191-57A330EC3402}.Release|Any CPU.ActiveCfg = Release|Any CPU
		{0A26896F-95E4-4913-8191-57A330EC3402}.Release|Any CPU.Build.0 = Release|Any CPU
		{E6B42B52-BB36-471E-9404-282459A3BCAD}.Debug|Any CPU.ActiveCfg = Debug|Any CPU
		{E6B42B52-BB36-471E-9404-282459A3BCAD}.Debug|Any CPU.Build.0 = Debug|Any CPU
		{E6B42B52-BB36-471E-9404-282459A3BCAD}.Release|Any CPU.ActiveCfg = Release|Any CPU
		{E6B42B52-BB36-471E-9404-282459A3BCAD}.Release|Any CPU.Build.0 = Release|Any CPU
		{98845105-C636-49B7-9337-97D8096F0317}.Debug|Any CPU.ActiveCfg = Debug|Any CPU
		{98845105-C636-49B7-9337-97D8096F0317}.Debug|Any CPU.Build.0 = Debug|Any CPU
		{98845105-C636-49B7-9337-97D8096F0317}.Release|Any CPU.ActiveCfg = Release|Any CPU
		{98845105-C636-49B7-9337-97D8096F0317}.Release|Any CPU.Build.0 = Release|Any CPU
	EndGlobalSection
	GlobalSection(SolutionProperties) = preSolution
		HideSolutionNode = FALSE
	EndGlobalSection
EndGlobal
